
Microsoft Visual Studio Solution File, Format Version 12.00
# Visual Studio Version 17
VisualStudioVersion = 17.14.36401.2 d17.14
MinimumVisualStudioVersion = 10.0.40219.1
Project("{FAE04EC0-301F-11D3-BF4B-00C04F79EFBC}") = "DiabetesPredictor", "DiabetesPredictor\DiabetesPredictor.csproj", "{75C067DC-0075-4FC1-86A6-62E06BC74C69}"
EndProject
Global
	GlobalSection(SolutionConfigurationPlatforms) = preSolution
		Debug|Any CPU = Debug|Any CPU
		Release|Any CPU = Release|Any CPU
	EndGlobalSection
	GlobalSection(ProjectConfigurationPlatforms) = postSolution
		{75C067DC-0075-4FC1-86A6-62E06BC74C69}.Debug|Any CPU.ActiveCfg = Debug|Any CPU
		{75C067DC-0075-4FC1-86A6-62E06BC74C69}.Debug|Any CPU.Build.0 = Debug|Any CPU
		{75C067DC-0075-4FC1-86A6-62E06BC74C69}.Release|Any CPU.ActiveCfg = Release|Any CPU
		{75C067DC-0075-4FC1-86A6-62E06BC74C69}.Release|Any CPU.Build.0 = Release|Any CPU
	EndGlobalSection
	GlobalSection(SolutionProperties) = preSolution
		HideSolutionNode = FALSE
	EndGlobalSection
	GlobalSection(ExtensibilityGlobals) = postSolution
		SolutionGuid = {C8A3DA04-A0AA-42FA-AEF0-C03B746A5396}
	EndGlobalSection
EndGlobal
